
Microsoft Visual Studio Solution File, Format Version 12.00
# Visual Studio Version 16
VisualStudioVersion = 16.0.34729.46
MinimumVisualStudioVersion = 10.0.40219.1
Project("{FAE04EC0-301F-11D3-BF4B-00C04F79EFBC}") = "TestDrawings", "TestDrawings.csproj", "{A03D376C-D6DD-44CC-AF4E-DD137813102E}"
EndProject
Global
	GlobalSection(SolutionConfigurationPlatforms) = preSolution
		Debug|Any CPU = Debug|Any CPU
		Release|Any CPU = Release|Any CPU
	EndGlobalSection
	GlobalSection(ProjectConfigurationPlatforms) = postSolution
		{A03D376C-D6DD-44CC-AF4E-DD137813102E}.Debug|Any CPU.ActiveCfg = Debug|Any CPU
		{A03D376C-D6DD-44CC-AF4E-DD137813102E}.Debug|Any CPU.Build.0 = Debug|Any CPU
		{A03D376C-D6DD-44CC-AF4E-DD137813102E}.Release|Any CPU.ActiveCfg = Release|Any CPU
		{A03D376C-D6DD-44CC-AF4E-DD137813102E}.Release|Any CPU.Build.0 = Release|Any CPU
	EndGlobalSection
	GlobalSection(SolutionProperties) = preSolution
		HideSolutionNode = FALSE
	EndGlobalSection
	GlobalSection(ExtensibilityGlobals) = postSolution
		SolutionGuid = {AA69A11D-49CC-42D2-A07F-F69629E4230C}
	EndGlobalSection
EndGlobal
